
Microsoft Visual Studio Solution File, Format Version 12.00
# Visual Studio Version 17
VisualStudioVersion = 17.10.35027.167
MinimumVisualStudioVersion = 10.0.40219.1
Project("{FAE04EC0-301F-11D3-BF4B-00C04F79EFBC}") = "DataRequestHelper", "DataRequestHelper\DataRequestHelper.csproj", "{49520F9B-2DB5-400B-8D30-B31680405D87}"
EndProject
Global
	GlobalSection(SolutionConfigurationPlatforms) = preSolution
		Debug|Any CPU = Debug|Any CPU
		Release|Any CPU = Release|Any CPU
	EndGlobalSection
	GlobalSection(ProjectConfigurationPlatforms) = postSolution
		{49520F9B-2DB5-400B-8D30-B31680405D87}.Debug|Any CPU.ActiveCfg = Debug|Any CPU
		{49520F9B-2DB5-400B-8D30-B31680405D87}.Debug|Any CPU.Build.0 = Debug|Any CPU
		{49520F9B-2DB5-400B-8D30-B31680405D87}.Release|Any CPU.ActiveCfg = Release|Any CPU
		{49520F9B-2DB5-400B-8D30-B31680405D87}.Release|Any CPU.Build.0 = Release|Any CPU
	EndGlobalSection
	GlobalSection(SolutionProperties) = preSolution
		HideSolutionNode = FALSE
	EndGlobalSection
	GlobalSection(ExtensibilityGlobals) = postSolution
		SolutionGuid = {9C86CD47-7F5C-4F3B-8C15-25EC27B000BD}
	EndGlobalSection
EndGlobal
